
Microsoft Visual Studio Solution File, Format Version 12.00
# Visual Studio Version 16
VisualStudioVersion = 16.0.34407.143
MinimumVisualStudioVersion = 10.0.40219.1
Project("{9A19103F-16F7-4668-BE54-9A1E7A4F7556}") = "AseProda.Library", "AseProda.Library\AseProda.Library.csproj", "{8C15614E-CF35-4B38-A315-C0CC2CE7C59A}"
EndProject
Project("{9A19103F-16F7-4668-BE54-9A1E7A4F7556}") = "AseProda.Domain", "AseProda.Domain\AseProda.Domain.csproj", "{C6A24526-52DE-49C6-B64D-290291DADDA9}"
EndProject
Global
	GlobalSection(SolutionConfigurationPlatforms) = preSolution
		Debug|Any CPU = Debug|Any CPU
		Release|Any CPU = Release|Any CPU
	EndGlobalSection
	GlobalSection(ProjectConfigurationPlatforms) = postSolution
		{8C15614E-CF35-4B38-A315-C0CC2CE7C59A}.Debug|Any CPU.ActiveCfg = Debug|Any CPU
		{8C15614E-CF35-4B38-A315-C0CC2CE7C59A}.Debug|Any CPU.Build.0 = Debug|Any CPU
		{8C15614E-CF35-4B38-A315-C0CC2CE7C59A}.Release|Any CPU.ActiveCfg = Release|Any CPU
		{8C15614E-CF35-4B38-A315-C0CC2CE7C59A}.Release|Any CPU.Build.0 = Release|Any CPU
		{C6A24526-52DE-49C6-B64D-290291DADDA9}.Debug|Any CPU.ActiveCfg = Debug|Any CPU
		{C6A24526-52DE-49C6-B64D-290291DADDA9}.Debug|Any CPU.Build.0 = Debug|Any CPU
		{C6A24526-52DE-49C6-B64D-290291DADDA9}.Release|Any CPU.ActiveCfg = Release|Any CPU
		{C6A24526-52DE-49C6-B64D-290291DADDA9}.Release|Any CPU.Build.0 = Release|Any CPU
	EndGlobalSection
	GlobalSection(SolutionProperties) = preSolution
		HideSolutionNode = FALSE
	EndGlobalSection
	GlobalSection(ExtensibilityGlobals) = postSolution
		SolutionGuid = {4A5AF533-772E-4738-8F93-FF9833EDC6D8}
	EndGlobalSection
EndGlobal
